
Microsoft Visual Studio Solution File, Format Version 12.00
# Visual Studio Version 16
VisualStudioVersion = 16.0.29409.12
MinimumVisualStudioVersion = 10.0.40219.1
Project("{FAE04EC0-301F-11D3-BF4B-00C04F79EFBC}") = "VkMusicForm1", "VkMusicForm1\VkMusicForm1.csproj", "{2E7DE49F-7F94-4046-B259-2C69667EFD6C}"
EndProject
Global
	GlobalSection(SolutionConfigurationPlatforms) = preSolution
		Debug|Any CPU = Debug|Any CPU
		Release|Any CPU = Release|Any CPU
	EndGlobalSection
	GlobalSection(ProjectConfigurationPlatforms) = postSolution
		{2E7DE49F-7F94-4046-B259-2C69667EFD6C}.Debug|Any CPU.ActiveCfg = Debug|Any CPU
		{2E7DE49F-7F94-4046-B259-2C69667EFD6C}.Debug|Any CPU.Build.0 = Debug|Any CPU
		{2E7DE49F-7F94-4046-B259-2C69667EFD6C}.Release|Any CPU.ActiveCfg = Release|Any CPU
		{2E7DE49F-7F94-4046-B259-2C69667EFD6C}.Release|Any CPU.Build.0 = Release|Any CPU
	EndGlobalSection
	GlobalSection(SolutionProperties) = preSolution
		HideSolutionNode = FALSE
	EndGlobalSection
	GlobalSection(ExtensibilityGlobals) = postSolution
		SolutionGuid = {5559D137-4F65-4FBD-A0DD-55335530450A}
	EndGlobalSection
EndGlobal
